
Microsoft Visual Studio Solution File, Format Version 12.00
# Visual Studio 14
VisualStudioVersion = 14.0.24720.0
MinimumVisualStudioVersion = 10.0.40219.1
Project("{FAE04EC0-301F-11D3-BF4B-00C04F79EFBC}") = "GlobalCode.Surfing.Console", "GlobalCode.Surfing.Console\GlobalCode.Surfing.Console.csproj", "{275ACA50-EDB3-421A-80DF-8700EB69BF8D}"
EndProject
Project("{FAE04EC0-301F-11D3-BF4B-00C04F79EFBC}") = "GlobalCode.Surfing", "GlobalCode.Surfing\GlobalCode.Surfing.csproj", "{E13A710F-97C1-42D4-AA2B-84A65B798E82}"
EndProject
Global
	GlobalSection(SolutionConfigurationPlatforms) = preSolution
		Debug|Any CPU = Debug|Any CPU
		Release|Any CPU = Release|Any CPU
	EndGlobalSection
	GlobalSection(ProjectConfigurationPlatforms) = postSolution
		{275ACA50-EDB3-421A-80DF-8700EB69BF8D}.Debug|Any CPU.ActiveCfg = Debug|Any CPU
		{275ACA50-EDB3-421A-80DF-8700EB69BF8D}.Debug|Any CPU.Build.0 = Debug|Any CPU
		{275ACA50-EDB3-421A-80DF-8700EB69BF8D}.Release|Any CPU.ActiveCfg = Release|Any CPU
		{275ACA50-EDB3-421A-80DF-8700EB69BF8D}.Release|Any CPU.Build.0 = Release|Any CPU
		{E13A710F-97C1-42D4-AA2B-84A65B798E82}.Debug|Any CPU.ActiveCfg = Debug|Any CPU
		{E13A710F-97C1-42D4-AA2B-84A65B798E82}.Debug|Any CPU.Build.0 = Debug|Any CPU
		{E13A710F-97C1-42D4-AA2B-84A65B798E82}.Release|Any CPU.ActiveCfg = Release|Any CPU
		{E13A710F-97C1-42D4-AA2B-84A65B798E82}.Release|Any CPU.Build.0 = Release|Any CPU
	EndGlobalSection
	GlobalSection(SolutionProperties) = preSolution
		HideSolutionNode = FALSE
	EndGlobalSection
EndGlobal
